
Microsoft Visual Studio Solution File, Format Version 12.00
# Visual Studio Version 17
VisualStudioVersion = 17.0.31903.59
MinimumVisualStudioVersion = 10.0.40219.1
Project("{FAE04EC0-301F-11D3-BF4B-00C04F79EFBC}") = "webapi", "webapi\webapi.csproj", "{2AEB5886-EF08-4E9B-8CA1-E1570E94A5C6}"
EndProject
Project("{FAE04EC0-301F-11D3-BF4B-00C04F79EFBC}") = "dataaccess", "dataaccess\dataaccess.csproj", "{3A68FD69-DE5F-4577-8E64-BE817908C6E8}"
EndProject
Project("{FAE04EC0-301F-11D3-BF4B-00C04F79EFBC}") = "Models", "Models\Models.csproj", "{FDCBF591-D111-4A0C-A7A4-7B825AE8EBED}"
EndProject
Global
	GlobalSection(SolutionConfigurationPlatforms) = preSolution
		Debug|Any CPU = Debug|Any CPU
		Release|Any CPU = Release|Any CPU
	EndGlobalSection
	GlobalSection(SolutionProperties) = preSolution
		HideSolutionNode = FALSE
	EndGlobalSection
	GlobalSection(ProjectConfigurationPlatforms) = postSolution
		{2AEB5886-EF08-4E9B-8CA1-E1570E94A5C6}.Debug|Any CPU.ActiveCfg = Debug|Any CPU
		{2AEB5886-EF08-4E9B-8CA1-E1570E94A5C6}.Debug|Any CPU.Build.0 = Debug|Any CPU
		{2AEB5886-EF08-4E9B-8CA1-E1570E94A5C6}.Release|Any CPU.ActiveCfg = Release|Any CPU
		{2AEB5886-EF08-4E9B-8CA1-E1570E94A5C6}.Release|Any CPU.Build.0 = Release|Any CPU
		{3A68FD69-DE5F-4577-8E64-BE817908C6E8}.Debug|Any CPU.ActiveCfg = Debug|Any CPU
		{3A68FD69-DE5F-4577-8E64-BE817908C6E8}.Debug|Any CPU.Build.0 = Debug|Any CPU
		{3A68FD69-DE5F-4577-8E64-BE817908C6E8}.Release|Any CPU.ActiveCfg = Release|Any CPU
		{3A68FD69-DE5F-4577-8E64-BE817908C6E8}.Release|Any CPU.Build.0 = Release|Any CPU
		{FDCBF591-D111-4A0C-A7A4-7B825AE8EBED}.Debug|Any CPU.ActiveCfg = Debug|Any CPU
		{FDCBF591-D111-4A0C-A7A4-7B825AE8EBED}.Debug|Any CPU.Build.0 = Debug|Any CPU
		{FDCBF591-D111-4A0C-A7A4-7B825AE8EBED}.Release|Any CPU.ActiveCfg = Release|Any CPU
		{FDCBF591-D111-4A0C-A7A4-7B825AE8EBED}.Release|Any CPU.Build.0 = Release|Any CPU
	EndGlobalSection
EndGlobal
